
Microsoft Visual Studio Solution File, Format Version 12.00
# Visual Studio Version 17
VisualStudioVersion = 17.4.33205.214
MinimumVisualStudioVersion = 10.0.40219.1
Project("{9A19103F-16F7-4668-BE54-9A1E7A4F7556}") = "InnspireWebsite", "src\InnspireWebsite.csproj", "{A05CD07B-E951-4343-BA53-6439790882C7}"
EndProject
Project("{FAE04EC0-301F-11D3-BF4B-00C04F79EFBC}") = "InnspireWebsiteTest", "test\InnspireWebsiteTest\InnspireWebsiteTest.csproj", "{306C638B-9779-48AA-9270-02E1408C12C1}"
EndProject
Global
	GlobalSection(SolutionConfigurationPlatforms) = preSolution
		Debug|Any CPU = Debug|Any CPU
		Release|Any CPU = Release|Any CPU
	EndGlobalSection
	GlobalSection(ProjectConfigurationPlatforms) = postSolution
		{A05CD07B-E951-4343-BA53-6439790882C7}.Debug|Any CPU.ActiveCfg = Debug|Any CPU
		{A05CD07B-E951-4343-BA53-6439790882C7}.Debug|Any CPU.Build.0 = Debug|Any CPU
		{A05CD07B-E951-4343-BA53-6439790882C7}.Release|Any CPU.ActiveCfg = Release|Any CPU
		{A05CD07B-E951-4343-BA53-6439790882C7}.Release|Any CPU.Build.0 = Release|Any CPU
		{306C638B-9779-48AA-9270-02E1408C12C1}.Debug|Any CPU.ActiveCfg = Debug|Any CPU
		{306C638B-9779-48AA-9270-02E1408C12C1}.Debug|Any CPU.Build.0 = Debug|Any CPU
		{306C638B-9779-48AA-9270-02E1408C12C1}.Release|Any CPU.ActiveCfg = Release|Any CPU
		{306C638B-9779-48AA-9270-02E1408C12C1}.Release|Any CPU.Build.0 = Release|Any CPU
	EndGlobalSection
	GlobalSection(SolutionProperties) = preSolution
		HideSolutionNode = FALSE
	EndGlobalSection
	GlobalSection(ExtensibilityGlobals) = postSolution
		SolutionGuid = {458C3166-1518-469F-BB9E-09206B0B07EB}
	EndGlobalSection
EndGlobal
